// !$*UTF8*$!
{
	archiveVersion = 1;
	classes = {
	};
	objectVersion = 50;
	objects = {

/* Begin PBXBuildFile section */
		BA51DDC3234C74A7002DF272 /* AppDelegate.swift in Sources */ = {isa = PBXBuildFile; fileRef = BA51DDC2234C74A7002DF272 /* AppDelegate.swift */; };
		BA51DDC5234C74A7002DF272 /* ContentView.swift in Sources */ = {isa = PBXBuildFile; fileRef = BA51DDC4234C74A7002DF272 /* ContentView.swift */; };
		BA51DDC7234C74A7002DF272 /* Experience.rcproject in Sources */ = {isa = PBXBuildFile; fileRef = BA51DDC6234C74A7002DF272 /* Experience.rcproject */; };
		BA51DDC9234C74A8002DF272 /* Assets.xcassets in Resources */ = {isa = PBXBuildFile; fileRef = BA51DDC8234C74A8002DF272 /* Assets.xcassets */; };
		BA51DDCC234C74A8002DF272 /* Preview Assets.xcassets in Resources */ = {isa = PBXBuildFile; fileRef = BA51DDCB234C74A8002DF272 /* Preview Assets.xcassets */; };
		BA51DDCF234C74A8002DF272 /* LaunchScreen.storyboard in Resources */ = {isa = PBXBuildFile; fileRef = BA51DDCD234C74A8002DF272 /* LaunchScreen.storyboard */; };
		BA75DD59234CBF3500E39A57 /* toy_biplane.usdz in Resources */ = {isa = PBXBuildFile; fileRef = BA75DD58234CBF3500E39A57 /* toy_biplane.usdz */; };
/* End PBXBuildFile section */

/* Begin PBXFileReference section */
		BA51DDBF234C74A7002DF272 /* cocoaheadsTalk.app */ = {isa = PBXFileReference; explicitFileType = wrapper.application; includeInIndex = 0; path = cocoaheadsTalk.app; sourceTree = BUILT_PRODUCTS_DIR; };
		BA51DDC2234C74A7002DF272 /* AppDelegate.swift */ = {isa = PBXFileReference; lastKnownFileType = sourcecode.swift; path = AppDelegate.swift; sourceTree = "<group>"; };
		BA51DDC4234C74A7002DF272 /* ContentView.swift */ = {isa = PBXFileReference; lastKnownFileType = sourcecode.swift; path = ContentView.swift; sourceTree = "<group>"; };
		BA51DDC6234C74A7002DF272 /* Experience.rcproject */ = {isa = PBXFileReference; lastKnownFileType = file.rcproject; path = Experience.rcproject; sourceTree = "<group>"; };
		BA51DDC8234C74A8002DF272 /* Assets.xcassets */ = {isa = PBXFileReference; lastKnownFileType = folder.assetcatalog; path = Assets.xcassets; sourceTree = "<group>"; };
		BA51DDCB234C74A8002DF272 /* Preview Assets.xcassets */ = {isa = PBXFileReference; lastKnownFileType = folder.assetcatalog; path = "Preview Assets.xcassets"; sourceTree = "<group>"; };
		BA51DDCE234C74A8002DF272 /* Base */ = {isa = PBXFileReference; lastKnownFileType = file.storyboard; name = Base; path = Base.lproj/LaunchScreen.storyboard; sourceTree = "<group>"; };
		BA51DDD0234C74A8002DF272 /* Info.plist */ = {isa = PBXFileReference; lastKnownFileType = text.plist.xml; path = Info.plist; sourceTree = "<group>"; };
		BA75DD58234CBF3500E39A57 /* toy_biplane.usdz */ = {isa = PBXFileReference; lastKnownFileType = file.usdz; path = toy_biplane.usdz; sourceTree = "<group>"; };
/* End PBXFileReference section */

/* Begin PBXFrameworksBuildPhase section */
		BA51DDBC234C74A7002DF272 /* Frameworks */ = {
			isa = PBXFrameworksBuildPhase;
			buildActionMask = 2147483647;
			files = (
			);
			runOnlyForDeploymentPostprocessing = 0;
		};
/* End PBXFrameworksBuildPhase section */

/* Begin PBXGroup section */
		BA51DDB6234C74A7002DF272 = {
			isa = PBXGroup;
			children = (
				BA51DDC1234C74A7002DF272 /* cocoaheadsTalk */,
				BA51DDC0234C74A7002DF272 /* Products */,
			);
			sourceTree = "<group>";
		};
		BA51DDC0234C74A7002DF272 /* Products */ = {
			isa = PBXGroup;
			children = (
				BA51DDBF234C74A7002DF272 /* cocoaheadsTalk.app */,
			);
			name = Products;
			sourceTree = "<group>";
		};
		BA51DDC1234C74A7002DF272 /* cocoaheadsTalk */ = {
			isa = PBXGroup;
			children = (
				BA75DD58234CBF3500E39A57 /* toy_biplane.usdz */,
				BA51DDC6234C74A7002DF272 /* Experience.rcproject */,
				BA51DDC2234C74A7002DF272 /* AppDelegate.swift */,
				BA51DDC4234C74A7002DF272 /* ContentView.swift */,
				BA51DDC8234C74A8002DF272 /* Assets.xcassets */,
				BA51DDCD234C74A8002DF272 /* LaunchScreen.storyboard */,
				BA51DDD0234C74A8002DF272 /* Info.plist */,
				BA51DDCA234C74A8002DF272 /* Preview Content */,
			);
			path = cocoaheadsTalk;
			sourceTree = "<group>";
		};
		BA51DDCA234C74A8002DF272 /* Preview Content */ = {
			isa = PBXGroup;
			children = (
				BA51DDCB234C74A8002DF272 /* Preview Assets.xcassets */,
			);
			path = "Preview Content";
			sourceTree = "<group>";
		};
/* End PBXGroup section */

/* Begin PBXNativeTarget section */
		BA51DDBE234C74A7002DF272 /* cocoaheadsTalk */ = {
			isa = PBXNativeTarget;
			buildConfigurationList = BA51DDD3234C74A8002DF272 /* Build configuration list for PBXNativeTarget "cocoaheadsTalk" */;
			buildPhases = (
				BA51DDBB234C74A7002DF272 /* Sources */,
				BA51DDBC234C74A7002DF272 /* Frameworks */,
				BA51DDBD234C74A7002DF272 /* Resources */,
			);
			buildRules = (
			);
			dependencies = (
			);
			name = cocoaheadsTalk;
			productName = cocoaheadsTalk;
			productReference = BA51DDBF234C74A7002DF272 /* cocoaheadsTalk.app */;
			productType = "com.apple.product-type.application";
		};
/* End PBXNativeTarget section */

/* Begin PBXProject section */
		BA51DDB7234C74A7002DF272 /* Project object */ = {
			isa = PBXProject;
			attributes = {
				LastSwiftUpdateCheck = 1110;
				LastUpgradeCheck = 1110;
				ORGANIZATIONNAME = ARPlaykit;
				TargetAttributes = {
					BA51DDBE234C74A7002DF272 = {
						CreatedOnToolsVersion = 11.1;
					};
				};
			};
			buildConfigurationList = BA51DDBA234C74A7002DF272 /* Build configuration list for PBXProject "cocoaheadsTalk" */;
			compatibilityVersion = "Xcode 9.3";
			developmentRegion = en;
			hasScannedForEncodings = 0;
			knownRegions = (
				en,
				Base,
			);
			mainGroup = BA51DDB6234C74A7002DF272;
			productRefGroup = BA51DDC0234C74A7002DF272 /* Products */;
			projectDirPath = "";
			projectRoot = "";
			targets = (
				BA51DDBE234C74A7002DF272 /* cocoaheadsTalk */,
			);
		};
/* End PBXProject section */

/* Begin PBXResourcesBuildPhase section */
		BA51DDBD234C74A7002DF272 /* Resources */ = {
			isa = PBXResourcesBuildPhase;
			buildActionMask = 2147483647;
			files = (
				BA51DDCF234C74A8002DF272 /* LaunchScreen.storyboard in Resources */,
				BA51DDCC234C74A8002DF272 /* Preview Assets.xcassets in Resources */,
				BA75DD59234CBF3500E39A57 /* toy_biplane.usdz in Resources */,
				BA51DDC9234C74A8002DF272 /* Assets.xcassets in Resources */,
			);
			runOnlyForDeploymentPostprocessing = 0;
		};
/* End PBXResourcesBuildPhase section */

/* Begin PBXSourcesBuildPhase section */
		BA51DDBB234C74A7002DF272 /* Sources */ = {
			isa = PBXSourcesBuildPhase;
			buildActionMask = 2147483647;
			files = (
				BA51DDC5234C74A7002DF272 /* ContentView.swift in Sources */,
				BA51DDC3234C74A7002DF272 /* AppDelegate.swift in Sources */,
				BA51DDC7234C74A7002DF272 /* Experience.rcproject in Sources */,
			);
			runOnlyForDeploymentPostprocessing = 0;
		};
/* End PBXSourcesBuildPhase section */

/* Begin PBXVariantGroup section */
		BA51DDCD234C74A8002DF272 /* LaunchScreen.storyboard */ = {
			isa = PBXVariantGroup;
			children = (
				BA51DDCE234C74A8002DF272 /* Base */,
			);
			name = LaunchScreen.storyboard;
			sourceTree = "<group>";
		};
/* End PBXVariantGroup section */

/* Begin XCBuildConfiguration section */
		BA51DDD1234C74A8002DF272 /* Debug */ = {
			isa = XCBuildConfiguration;
			buildSettings = {
				ALWAYS_SEARCH_USER_PATHS = NO;
				CLANG_ANALYZER_NONNULL = YES;
				CLANG_ANALYZER_NUMBER_OBJECT_CONVERSION = YES_AGGRESSIVE;
				CLANG_CXX_LANGUAGE_STANDARD = "gnu++14";
				CLANG_CXX_LIBRARY = "libc++";
				CLANG_ENABLE_MODULES = YES;
				CLANG_ENABLE_OBJC_ARC = YES;
				CLANG_ENABLE_OBJC_WEAK = YES;
				CLANG_WARN_BLOCK_CAPTURE_AUTORELEASING = YES;
				CLANG_WARN_BOOL_CONVERSION = YES;
				CLANG_WARN_COMMA = YES;
				CLANG_WARN_CONSTANT_CONVERSION = YES;
				CLANG_WARN_DEPRECATED_OBJC_IMPLEMENTATIONS = YES;
				CLANG_WARN_DIRECT_OBJC_ISA_USAGE = YES_ERROR;
				CLANG_WARN_DOCUMENTATION_COMMENTS = YES;
				CLANG_WARN_EMPTY_BODY = YES;
				CLANG_WARN_ENUM_CONVERSION = YES;
				CLANG_WARN_INFINITE_RECURSION = YES;
				CLANG_WARN_INT_CONVERSION = YES;
				CLANG_WARN_NON_LITERAL_NULL_CONVERSION = YES;
				CLANG_WARN_OBJC_IMPLICIT_RETAIN_SELF = YES;
				CLANG_WARN_OBJC_LITERAL_CONVERSION = YES;
				CLANG_WARN_OBJC_ROOT_CLASS = YES_ERROR;
				CLANG_WARN_RANGE_LOOP_ANALYSIS = YES;
				CLANG_WARN_STRICT_PROTOTYPES = YES;
				CLANG_WARN_SUSPICIOUS_MOVE = YES;
				CLANG_WARN_UNGUARDED_AVAILABILITY = YES_AGGRESSIVE;
				CLANG_WARN_UNREACHABLE_CODE = YES;
				CLANG_WARN__DUPLICATE_METHOD_MATCH = YES;
				COPY_PHASE_STRIP = NO;
				DEBUG_INFORMATION_FORMAT = dwarf;
				ENABLE_STRICT_OBJC_MSGSEND = YES;
				ENABLE_TESTABILITY = YES;
				GCC_C_LANGUAGE_STANDARD = gnu11;
				GCC_DYNAMIC_NO_PIC = NO;
				GCC_NO_COMMON_BLOCKS = YES;
				GCC_OPTIMIZATION_LEVEL = 0;
				GCC_PREPROCESSOR_DEFINITIONS = (
					"DEBUG=1",
					"$(inherited)",
				);
				GCC_WARN_64_TO_32_BIT_CONVERSION = YES;
				GCC_WARN_ABOUT_RETURN_TYPE = YES_ERROR;
				GCC_WARN_UNDECLARED_SELECTOR = YES;
				GCC_WARN_UNINITIALIZED_AUTOS = YES_AGGRESSIVE;
				GCC_WARN_UNUSED_FUNCTION = YES;
				GCC_WARN_UNUSED_VARIABLE = YES;
				IPHONEOS_DEPLOYMENT_TARGET = 13.1;
				MTL_ENABLE_DEBUG_INFO = INCLUDE_SOURCE;
				MTL_FAST_MATH = YES;
				ONLY_ACTIVE_ARCH = YES;
				SDKROOT = iphoneos;
				SWIFT_ACTIVE_COMPILATION_CONDITIONS = DEBUG;
				SWIFT_OPTIMIZATION_LEVEL = "-Onone";
			};
			name = Debug;
		};
		BA51DDD2234C74A8002DF272 /* Release */ = {
			isa = XCBuildConfiguration;
			buildSettings = {
				ALWAYS_SEARCH_USER_PATHS = NO;
				CLANG_ANALYZER_NONNULL = YES;
				CLANG_ANALYZER_NUMBER_OBJECT_CONVERSION = YES_AGGRESSIVE;
				CLANG_CXX_LANGUAGE_STANDARD = "gnu++14";
				CLANG_CXX_LIBRARY = "libc++";
				CLANG_ENABLE_MODULES = YES;
				CLANG_ENABLE_OBJC_ARC = YES;
				CLANG_ENABLE_OBJC_WEAK = YES;
				CLANG_WARN_BLOCK_CAPTURE_AUTORELEASING = YES;
				CLANG_WARN_BOOL_CONVERSION = YES;
				CLANG_WARN_COMMA = YES;
				CLANG_WARN_CONSTANT_CONVERSION = YES;
				CLANG_WARN_DEPRECATED_OBJC_IMPLEMENTATIONS = YES;
				CLANG_WARN_DIRECT_OBJC_ISA_USAGE = YES_ERROR;
				CLANG_WARN_DOCUMENTATION_COMMENTS = YES;
				CLANG_WARN_EMPTY_BODY = YES;
				CLANG_WARN_ENUM_CONVERSION = YES;
				CLANG_WARN_INFINITE_RECURSION = YES;
				CLANG_WARN_INT_CONVERSION = YES;
				CLANG_WARN_NON_LITERAL_NULL_CONVERSION = YES;
				CLANG_WARN_OBJC_IMPLICIT_RETAIN_SELF = YES;
				CLANG_WARN_OBJC_LITERAL_CONVERSION = YES;
				CLANG_WARN_OBJC_ROOT_CLASS = YES_ERROR;
				CLANG_WARN_RANGE_LOOP_ANALYSIS = YES;
				CLANG_WARN_STRICT_PROTOTYPES = YES;
				CLANG_WARN_SUSPICIOUS_MOVE = YES;
				CLANG_WARN_UNGUARDED_AVAILABILITY = YES_AGGRESSIVE;
				CLANG_WARN_UNREACHABLE_CODE = YES;
				CLANG_WARN__DUPLICATE_METHOD_MATCH = YES;
				COPY_PHASE_STRIP = NO;
				DEBUG_INFORMATION_FORMAT = "dwarf-with-dsym";
				ENABLE_NS_ASSERTIONS = NO;
				ENABLE_STRICT_OBJC_MSGSEND = YES;
				GCC_C_LANGUAGE_STANDARD = gnu11;
				GCC_NO_COMMON_BLOCKS = YES;
				GCC_WARN_64_TO_32_BIT_CONVERSION = YES;
				GCC_WARN_ABOUT_RETURN_TYPE = YES_ERROR;
				GCC_WARN_UNDECLARED_SELECTOR = YES;
				GCC_WARN_UNINITIALIZED_AUTOS = YES_AGGRESSIVE;
				GCC_WARN_UNUSED_FUNCTION = YES;
				GCC_WARN_UNUSED_VARIABLE = YES;
				IPHONEOS_DEPLOYMENT_TARGET = 13.1;
				MTL_ENABLE_DEBUG_INFO = NO;
				MTL_FAST_MATH = YES;
				SDKROOT = iphoneos;
				SWIFT_COMPILATION_MODE = wholemodule;
				SWIFT_OPTIMIZATION_LEVEL = "-O";
				VALIDATE_PRODUCT = YES;
			};
			name = Release;
		};
		BA51DDD4234C74A8002DF272 /* Debug */ = {
			isa = XCBuildConfiguration;
			buildSettings = {
				ASSETCATALOG_COMPILER_APPICON_NAME = AppIcon;
				CODE_SIGN_STYLE = Automatic;
				DEVELOPMENT_ASSET_PATHS = "\"cocoaheadsTalk/Preview Content\"";
				DEVELOPMENT_TEAM = 98CTKD964X;
				ENABLE_PREVIEWS = YES;
				INFOPLIST_FILE = cocoaheadsTalk/Info.plist;
				LD_RUNPATH_SEARCH_PATHS = (
					"$(inherited)",
					"@executable_path/Frameworks",
				);
				PRODUCT_BUNDLE_IDENTIFIER = com.arplaykit.cocoaheadsTalk;
				PRODUCT_NAME = "$(TARGET_NAME)";
				SWIFT_VERSION = 5.0;
				TARGETED_DEVICE_FAMILY = "1,2";
			};
			name = Debug;
		};
		BA51DDD5234C74A8002DF272 /* Release */ = {
			isa = XCBuildConfiguration;
			buildSettings = {
				ASSETCATALOG_COMPILER_APPICON_NAME = AppIcon;
				CODE_SIGN_STYLE = Automatic;
				DEVELOPMENT_ASSET_PATHS = "\"cocoaheadsTalk/Preview Content\"";
				DEVELOPMENT_TEAM = 98CTKD964X;
				ENABLE_PREVIEWS = YES;
				INFOPLIST_FILE = cocoaheadsTalk/Info.plist;
				LD_RUNPATH_SEARCH_PATHS = (
					"$(inherited)",
					"@executable_path/Frameworks",
				);
				PRODUCT_BUNDLE_IDENTIFIER = com.arplaykit.cocoaheadsTalk;
				PRODUCT_NAME = "$(TARGET_NAME)";
				SWIFT_VERSION = 5.0;
				TARGETED_DEVICE_FAMILY = "1,2";
			};
			name = Release;
		};
/* End XCBuildConfiguration section */

/* Begin XCConfigurationList section */
		BA51DDBA234C74A7002DF272 /* Build configuration list for PBXProject "cocoaheadsTalk" */ = {
			isa = XCConfigurationList;
			buildConfigurations = (
				BA51DDD1234C74A8002DF272 /* Debug */,
				BA51DDD2234C74A8002DF272 /* Release */,
			);
			defaultConfigurationIsVisible = 0;
			defaultConfigurationName = Release;
		};
		BA51DDD3234C74A8002DF272 /* Build configuration list for PBXNativeTarget "cocoaheadsTalk" */ = {
			isa = XCConfigurationList;
			buildConfigurations = (
				BA51DDD4234C74A8002DF272 /* Debug */,
				BA51DDD5234C74A8002DF272 /* Release */,
			);
			defaultConfigurationIsVisible = 0;
			defaultConfigurationName = Release;
		};
/* End XCConfigurationList section */
	};
	rootObject = BA51DDB7234C74A7002DF272 /* Project object */;
}
